
Microsoft Visual Studio Solution File, Format Version 12.00
# Visual Studio Version 17
VisualStudioVersion = 17.4.33205.214
MinimumVisualStudioVersion = 10.0.40219.1
Project("{9A19103F-16F7-4668-BE54-9A1E7A4F7556}") = "DesignPatterns.SingletonPattern", "DesignPatterns.SingletonPattern\DesignPatterns.SingletonPattern.csproj", "{7FEDF9A8-9BFD-45CA-9216-B904384AC18F}"
EndProject
Project("{9A19103F-16F7-4668-BE54-9A1E7A4F7556}") = "DesignPatterns.FactoryPattern", "DesignPatterns.FactoryPattern\DesignPatterns.FactoryPattern.csproj", "{137A80C1-C093-440C-8539-2742C0AF6D7B}"
EndProject
Project("{9A19103F-16F7-4668-BE54-9A1E7A4F7556}") = "DesignPatterns.AbstractFactoryPattern", "DesignPatterns.AbstractFactoryPattern\DesignPatterns.AbstractFactoryPattern.csproj", "{69D493FC-B23E-4C9E-BC01-B3D79FEB202B}"
EndProject
Project("{9A19103F-16F7-4668-BE54-9A1E7A4F7556}") = "DesignPatterns.ChainOfResponsibilityPattern", "DesignPatterns.ChainOfResponsibilityPattern\DesignPatterns.ChainOfResponsibilityPattern.csproj", "{F0FC1146-C376-45F8-A62E-05E30B06D63F}"
EndProject
Project("{FAE04EC0-301F-11D3-BF4B-00C04F79EFBC}") = "DesignPatterns.AdapterPattern", "DesignPatterns.AdapterPattern\DesignPatterns.AdapterPattern.csproj", "{19A1D74E-AAE6-43A4-992C-A35908F3FE00}"
EndProject
Global
	GlobalSection(SolutionConfigurationPlatforms) = preSolution
		Debug|Any CPU = Debug|Any CPU
		Release|Any CPU = Release|Any CPU
	EndGlobalSection
	GlobalSection(ProjectConfigurationPlatforms) = postSolution
		{7FEDF9A8-9BFD-45CA-9216-B904384AC18F}.Debug|Any CPU.ActiveCfg = Debug|Any CPU
		{7FEDF9A8-9BFD-45CA-9216-B904384AC18F}.Debug|Any CPU.Build.0 = Debug|Any CPU
		{7FEDF9A8-9BFD-45CA-9216-B904384AC18F}.Release|Any CPU.ActiveCfg = Release|Any CPU
		{7FEDF9A8-9BFD-45CA-9216-B904384AC18F}.Release|Any CPU.Build.0 = Release|Any CPU
		{137A80C1-C093-440C-8539-2742C0AF6D7B}.Debug|Any CPU.ActiveCfg = Debug|Any CPU
		{137A80C1-C093-440C-8539-2742C0AF6D7B}.Debug|Any CPU.Build.0 = Debug|Any CPU
		{137A80C1-C093-440C-8539-2742C0AF6D7B}.Release|Any CPU.ActiveCfg = Release|Any CPU
		{137A80C1-C093-440C-8539-2742C0AF6D7B}.Release|Any CPU.Build.0 = Release|Any CPU
		{69D493FC-B23E-4C9E-BC01-B3D79FEB202B}.Debug|Any CPU.ActiveCfg = Debug|Any CPU
		{69D493FC-B23E-4C9E-BC01-B3D79FEB202B}.Debug|Any CPU.Build.0 = Debug|Any CPU
		{69D493FC-B23E-4C9E-BC01-B3D79FEB202B}.Release|Any CPU.ActiveCfg = Release|Any CPU
		{69D493FC-B23E-4C9E-BC01-B3D79FEB202B}.Release|Any CPU.Build.0 = Release|Any CPU
		{F0FC1146-C376-45F8-A62E-05E30B06D63F}.Debug|Any CPU.ActiveCfg = Debug|Any CPU
		{F0FC1146-C376-45F8-A62E-05E30B06D63F}.Debug|Any CPU.Build.0 = Debug|Any CPU
		{F0FC1146-C376-45F8-A62E-05E30B06D63F}.Release|Any CPU.ActiveCfg = Release|Any CPU
		{F0FC1146-C376-45F8-A62E-05E30B06D63F}.Release|Any CPU.Build.0 = Release|Any CPU
		{19A1D74E-AAE6-43A4-992C-A35908F3FE00}.Debug|Any CPU.ActiveCfg = Debug|Any CPU
		{19A1D74E-AAE6-43A4-992C-A35908F3FE00}.Debug|Any CPU.Build.0 = Debug|Any CPU
		{19A1D74E-AAE6-43A4-992C-A35908F3FE00}.Release|Any CPU.ActiveCfg = Release|Any CPU
		{19A1D74E-AAE6-43A4-992C-A35908F3FE00}.Release|Any CPU.Build.0 = Release|Any CPU
	EndGlobalSection
	GlobalSection(SolutionProperties) = preSolution
		HideSolutionNode = FALSE
	EndGlobalSection
	GlobalSection(ExtensibilityGlobals) = postSolution
		SolutionGuid = {39773314-1C4D-40C1-860E-566AFD138A1A}
	EndGlobalSection
EndGlobal
